
Microsoft Visual Studio Solution File, Format Version 12.00
# Visual Studio 15
VisualStudioVersion = 15.0.28307.421
MinimumVisualStudioVersion = 10.0.40219.1
Project("{151D2E53-A2C4-4D7D-83FE-D05416EBD58E}") = "Azure-Web-App-Deployment-Template", "Azure-Web-App-Deployment-Template\Azure-Web-App-Deployment-Template.deployproj", "{9C4E6A96-E263-47A0-A5C5-B782311D49A2}"
EndProject
Global
	GlobalSection(SolutionConfigurationPlatforms) = preSolution
		Debug|Any CPU = Debug|Any CPU
		Release|Any CPU = Release|Any CPU
	EndGlobalSection
	GlobalSection(ProjectConfigurationPlatforms) = postSolution
		{9C4E6A96-E263-47A0-A5C5-B782311D49A2}.Debug|Any CPU.ActiveCfg = Debug|Any CPU
		{9C4E6A96-E263-47A0-A5C5-B782311D49A2}.Debug|Any CPU.Build.0 = Debug|Any CPU
		{9C4E6A96-E263-47A0-A5C5-B782311D49A2}.Release|Any CPU.ActiveCfg = Release|Any CPU
		{9C4E6A96-E263-47A0-A5C5-B782311D49A2}.Release|Any CPU.Build.0 = Release|Any CPU
	EndGlobalSection
	GlobalSection(SolutionProperties) = preSolution
		HideSolutionNode = FALSE
	EndGlobalSection
	GlobalSection(ExtensibilityGlobals) = postSolution
		SolutionGuid = {D43F55B9-298A-4926-AA93-C23CBD3E6101}
	EndGlobalSection
EndGlobal
